
Microsoft Visual Studio Solution File, Format Version 12.00
# Visual Studio Version 17
VisualStudioVersion = 17.8.34309.116
MinimumVisualStudioVersion = 10.0.40219.1
Project("{FAE04EC0-301F-11D3-BF4B-00C04F79EFBC}") = "OOP2", "OOP2\OOP2.csproj", "{BA9C2103-D593-4242-B8D4-58BBEB42DF75}"
EndProject
Global
	GlobalSection(SolutionConfigurationPlatforms) = preSolution
		Debug|Any CPU = Debug|Any CPU
		Release|Any CPU = Release|Any CPU
	EndGlobalSection
	GlobalSection(ProjectConfigurationPlatforms) = postSolution
		{BA9C2103-D593-4242-B8D4-58BBEB42DF75}.Debug|Any CPU.ActiveCfg = Debug|Any CPU
		{BA9C2103-D593-4242-B8D4-58BBEB42DF75}.Debug|Any CPU.Build.0 = Debug|Any CPU
		{BA9C2103-D593-4242-B8D4-58BBEB42DF75}.Release|Any CPU.ActiveCfg = Release|Any CPU
		{BA9C2103-D593-4242-B8D4-58BBEB42DF75}.Release|Any CPU.Build.0 = Release|Any CPU
	EndGlobalSection
	GlobalSection(SolutionProperties) = preSolution
		HideSolutionNode = FALSE
	EndGlobalSection
	GlobalSection(ExtensibilityGlobals) = postSolution
		SolutionGuid = {1883B19E-D6E4-4F1B-BF61-46813FC05930}
	EndGlobalSection
EndGlobal
